
Microsoft Visual Studio Solution File, Format Version 12.00
# Visual Studio 15
VisualStudioVersion = 15.0.28010.2036
MinimumVisualStudioVersion = 10.0.40219.1
Project("{FAE04EC0-301F-11D3-BF4B-00C04F79EFBC}") = "BubbleBobble", "BubbleBobble\BubbleBobble.csproj", "{D55324F2-EB39-43C5-80CE-0B8987DE7775}"
EndProject
Global
	GlobalSection(SolutionConfigurationPlatforms) = preSolution
		Debug|Any CPU = Debug|Any CPU
		Release|Any CPU = Release|Any CPU
	EndGlobalSection
	GlobalSection(ProjectConfigurationPlatforms) = postSolution
		{D55324F2-EB39-43C5-80CE-0B8987DE7775}.Debug|Any CPU.ActiveCfg = Debug|Any CPU
		{D55324F2-EB39-43C5-80CE-0B8987DE7775}.Debug|Any CPU.Build.0 = Debug|Any CPU
		{D55324F2-EB39-43C5-80CE-0B8987DE7775}.Release|Any CPU.ActiveCfg = Release|Any CPU
		{D55324F2-EB39-43C5-80CE-0B8987DE7775}.Release|Any CPU.Build.0 = Release|Any CPU
	EndGlobalSection
	GlobalSection(SolutionProperties) = preSolution
		HideSolutionNode = FALSE
	EndGlobalSection
	GlobalSection(ExtensibilityGlobals) = postSolution
		SolutionGuid = {EBE6B6C0-70DF-4736-992E-C433145D8B43}
	EndGlobalSection
EndGlobal
